Microsoft Visual Studio Solution File, Format Version 12.00
# Visual Studio Version 17
VisualStudioVersion = 17.5.2.0
MinimumVisualStudioVersion = 10.0.40219.1
Project("{2150E333-8FDC-42A3-9474-1A3956D46DE8}") = "modapi", "modapi", "{AEDD0B6B-0837-1244-84C1-F83C4C4F1F2E}"
EndProject
Project("{FAE04EC0-301F-11D3-BF4B-00C04F79EFBC}") = "ModApi.Common", "modapi\ModAPI.Common\ModApi.Common.csproj", "{BB3635C9-ABF7-90E9-BCF1-44D2940207EF}"
EndProject
Project("{FAE04EC0-301F-11D3-BF4B-00C04F79EFBC}") = "Spore ModAPI Easy Installer", "modapi\Spore ModAPI Easy Installer\Spore ModAPI Easy Installer.csproj", "{86E4B5DE-83E2-B8D6-6785-47A182CFB1BB}"
EndProject
Project("{FAE04EC0-301F-11D3-BF4B-00C04F79EFBC}") = "Spore ModAPI Easy Uninstaller", "modapi\Spore ModAPI Easy Uninstaller\Spore ModAPI Easy Uninstaller.csproj", "{27B50538-84E0-AB44-222D-D437E8579BFC}"
EndProject
Project("{FAE04EC0-301F-11D3-BF4B-00C04F79EFBC}") = "Spore ModAPI Launcher", "modapi\Spore ModAPI Launcher\Spore ModAPI Launcher.csproj", "{86FA61A7-9F5C-288D-E220-494E4502F425}"
EndProject
Global
	GlobalSection(SolutionConfigurationPlatforms) = preSolution
		Debug|Any CPU = Debug|Any CPU
		Release|Any CPU = Release|Any CPU
	EndGlobalSection
	GlobalSection(ProjectConfigurationPlatforms) = postSolution
		{BB3635C9-ABF7-90E9-BCF1-44D2940207EF}.Debug|Any CPU.ActiveCfg = Debug|Any CPU
		{BB3635C9-ABF7-90E9-BCF1-44D2940207EF}.Debug|Any CPU.Build.0 = Debug|Any CPU
		{BB3635C9-ABF7-90E9-BCF1-44D2940207EF}.Release|Any CPU.ActiveCfg = Release|Any CPU
		{BB3635C9-ABF7-90E9-BCF1-44D2940207EF}.Release|Any CPU.Build.0 = Release|Any CPU
		{86E4B5DE-83E2-B8D6-6785-47A182CFB1BB}.Debug|Any CPU.ActiveCfg = Debug|Any CPU
		{86E4B5DE-83E2-B8D6-6785-47A182CFB1BB}.Debug|Any CPU.Build.0 = Debug|Any CPU
		{86E4B5DE-83E2-B8D6-6785-47A182CFB1BB}.Release|Any CPU.ActiveCfg = Release|Any CPU
		{86E4B5DE-83E2-B8D6-6785-47A182CFB1BB}.Release|Any CPU.Build.0 = Release|Any CPU
		{27B50538-84E0-AB44-222D-D437E8579BFC}.Debug|Any CPU.ActiveCfg = Debug|Any CPU
		{27B50538-84E0-AB44-222D-D437E8579BFC}.Debug|Any CPU.Build.0 = Debug|Any CPU
		{27B50538-84E0-AB44-222D-D437E8579BFC}.Release|Any CPU.ActiveCfg = Release|Any CPU
		{27B50538-84E0-AB44-222D-D437E8579BFC}.Release|Any CPU.Build.0 = Release|Any CPU
		{86FA61A7-9F5C-288D-E220-494E4502F425}.Debug|Any CPU.ActiveCfg = Debug|Any CPU
		{86FA61A7-9F5C-288D-E220-494E4502F425}.Debug|Any CPU.Build.0 = Debug|Any CPU
		{86FA61A7-9F5C-288D-E220-494E4502F425}.Release|Any CPU.ActiveCfg = Release|Any CPU
		{86FA61A7-9F5C-288D-E220-494E4502F425}.Release|Any CPU.Build.0 = Release|Any CPU
	EndGlobalSection
	GlobalSection(SolutionProperties) = preSolution
		HideSolutionNode = FALSE
	EndGlobalSection
	GlobalSection(NestedProjects) = preSolution
		{BB3635C9-ABF7-90E9-BCF1-44D2940207EF} = {AEDD0B6B-0837-1244-84C1-F83C4C4F1F2E}
		{86E4B5DE-83E2-B8D6-6785-47A182CFB1BB} = {AEDD0B6B-0837-1244-84C1-F83C4C4F1F2E}
		{27B50538-84E0-AB44-222D-D437E8579BFC} = {AEDD0B6B-0837-1244-84C1-F83C4C4F1F2E}
		{86FA61A7-9F5C-288D-E220-494E4502F425} = {AEDD0B6B-0837-1244-84C1-F83C4C4F1F2E}
	EndGlobalSection
	GlobalSection(ExtensibilityGlobals) = postSolution
		SolutionGuid = {A2CE11E1-39FB-41A2-8197-CC25FAA4EAB8}
	EndGlobalSection
EndGlobal
